
Microsoft Visual Studio Solution File, Format Version 12.00
# Visual Studio 15
Project("{FAE04EC0-301F-11D3-BF4B-00C04F79EFBC}") = "AuroraBorealis.Android", "AuroraBorealis.Android\AuroraBorealis.Android.csproj", "{F42DD5E8-F24A-4DF1-8302-B2826E25B68A}"
EndProject
Project("{FAE04EC0-301F-11D3-BF4B-00C04F79EFBC}") = "AuroraBorealis.iOS", "AuroraBorealis.iOS\AuroraBorealis.iOS.csproj", "{0EB994CE-E683-43BF-8983-5988CB473EE7}"
EndProject
Project("{FAE04EC0-301F-11D3-BF4B-00C04F79EFBC}") = "AuroraBorealis", "AuroraBorealis\AuroraBorealis.csproj", "{138017BD-49A1-43FC-B7F4-F7695FC8A4B1}"
EndProject
Global
	GlobalSection(SolutionConfigurationPlatforms) = preSolution
		Debug|Any CPU = Debug|Any CPU
		Release|Any CPU = Release|Any CPU
		Debug|iPhoneSimulator = Debug|iPhoneSimulator
		Release|iPhoneSimulator = Release|iPhoneSimulator
		Debug|iPhone = Debug|iPhone
		Release|iPhone = Release|iPhone
	EndGlobalSection
	GlobalSection(ProjectConfigurationPlatforms) = postSolution
		{F42DD5E8-F24A-4DF1-8302-B2826E25B68A}.Debug|Any CPU.ActiveCfg = Debug|Any CPU
		{F42DD5E8-F24A-4DF1-8302-B2826E25B68A}.Debug|Any CPU.Build.0 = Debug|Any CPU
		{F42DD5E8-F24A-4DF1-8302-B2826E25B68A}.Release|Any CPU.ActiveCfg = Release|Any CPU
		{F42DD5E8-F24A-4DF1-8302-B2826E25B68A}.Release|Any CPU.Build.0 = Release|Any CPU
		{F42DD5E8-F24A-4DF1-8302-B2826E25B68A}.Debug|iPhoneSimulator.ActiveCfg = Debug|Any CPU
		{F42DD5E8-F24A-4DF1-8302-B2826E25B68A}.Debug|iPhoneSimulator.Build.0 = Debug|Any CPU
		{F42DD5E8-F24A-4DF1-8302-B2826E25B68A}.Release|iPhoneSimulator.ActiveCfg = Release|Any CPU
		{F42DD5E8-F24A-4DF1-8302-B2826E25B68A}.Release|iPhoneSimulator.Build.0 = Release|Any CPU
		{F42DD5E8-F24A-4DF1-8302-B2826E25B68A}.Debug|iPhone.ActiveCfg = Debug|Any CPU
		{F42DD5E8-F24A-4DF1-8302-B2826E25B68A}.Debug|iPhone.Build.0 = Debug|Any CPU
		{F42DD5E8-F24A-4DF1-8302-B2826E25B68A}.Release|iPhone.ActiveCfg = Release|Any CPU
		{F42DD5E8-F24A-4DF1-8302-B2826E25B68A}.Release|iPhone.Build.0 = Release|Any CPU
		{0EB994CE-E683-43BF-8983-5988CB473EE7}.Debug|Any CPU.ActiveCfg = Debug|iPhoneSimulator
		{0EB994CE-E683-43BF-8983-5988CB473EE7}.Debug|Any CPU.Build.0 = Debug|iPhoneSimulator
		{0EB994CE-E683-43BF-8983-5988CB473EE7}.Release|Any CPU.ActiveCfg = Release|iPhoneSimulator
		{0EB994CE-E683-43BF-8983-5988CB473EE7}.Release|Any CPU.Build.0 = Release|iPhoneSimulator
		{0EB994CE-E683-43BF-8983-5988CB473EE7}.Debug|iPhoneSimulator.ActiveCfg = Debug|iPhoneSimulator
		{0EB994CE-E683-43BF-8983-5988CB473EE7}.Debug|iPhoneSimulator.Build.0 = Debug|iPhoneSimulator
		{0EB994CE-E683-43BF-8983-5988CB473EE7}.Release|iPhoneSimulator.ActiveCfg = Release|iPhoneSimulator
		{0EB994CE-E683-43BF-8983-5988CB473EE7}.Release|iPhoneSimulator.Build.0 = Release|iPhoneSimulator
		{0EB994CE-E683-43BF-8983-5988CB473EE7}.Debug|iPhone.ActiveCfg = Debug|iPhone
		{0EB994CE-E683-43BF-8983-5988CB473EE7}.Debug|iPhone.Build.0 = Debug|iPhone
		{0EB994CE-E683-43BF-8983-5988CB473EE7}.Release|iPhone.ActiveCfg = Release|iPhone
		{0EB994CE-E683-43BF-8983-5988CB473EE7}.Release|iPhone.Build.0 = Release|iPhone
		{138017BD-49A1-43FC-B7F4-F7695FC8A4B1}.Debug|Any CPU.ActiveCfg = Debug|Any CPU
		{138017BD-49A1-43FC-B7F4-F7695FC8A4B1}.Debug|Any CPU.Build.0 = Debug|Any CPU
		{138017BD-49A1-43FC-B7F4-F7695FC8A4B1}.Release|Any CPU.ActiveCfg = Release|Any CPU
		{138017BD-49A1-43FC-B7F4-F7695FC8A4B1}.Release|Any CPU.Build.0 = Release|Any CPU
		{138017BD-49A1-43FC-B7F4-F7695FC8A4B1}.Debug|iPhoneSimulator.ActiveCfg = Debug|Any CPU
		{138017BD-49A1-43FC-B7F4-F7695FC8A4B1}.Debug|iPhoneSimulator.Build.0 = Debug|Any CPU
		{138017BD-49A1-43FC-B7F4-F7695FC8A4B1}.Release|iPhoneSimulator.ActiveCfg = Release|Any CPU
		{138017BD-49A1-43FC-B7F4-F7695FC8A4B1}.Release|iPhoneSimulator.Build.0 = Release|Any CPU
		{138017BD-49A1-43FC-B7F4-F7695FC8A4B1}.Debug|iPhone.ActiveCfg = Debug|Any CPU
		{138017BD-49A1-43FC-B7F4-F7695FC8A4B1}.Debug|iPhone.Build.0 = Debug|Any CPU
		{138017BD-49A1-43FC-B7F4-F7695FC8A4B1}.Release|iPhone.ActiveCfg = Release|Any CPU
		{138017BD-49A1-43FC-B7F4-F7695FC8A4B1}.Release|iPhone.Build.0 = Release|Any CPU
	EndGlobalSection
EndGlobal
